// !$*UTF8*$!
{
	archiveVersion = 1;
	classes = {
	};
	objectVersion = 55;
	objects = {

/* Begin PBXBuildFile section */
		18BC467428CC9384005A0651 /* AppDelegate.swift in Sources */ = {isa = PBXBuildFile; fileRef = 18BC467328CC9384005A0651 /* AppDelegate.swift */; };
		18BC467628CC9384005A0651 /* SceneDelegate.swift in Sources */ = {isa = PBXBuildFile; fileRef = 18BC467528CC9384005A0651 /* SceneDelegate.swift */; };
		18BC467828CC9384005A0651 /* MainTabBarViewController.swift in Sources */ = {isa = PBXBuildFile; fileRef = 18BC467728CC9384005A0651 /* MainTabBarViewController.swift */; };
		18BC467D28CC9386005A0651 /* Assets.xcassets in Resources */ = {isa = PBXBuildFile; fileRef = 18BC467C28CC9386005A0651 /* Assets.xcassets */; };
		18BC468028CC9386005A0651 /* LaunchScreen.storyboard in Resources */ = {isa = PBXBuildFile; fileRef = 18BC467E28CC9386005A0651 /* LaunchScreen.storyboard */; };
		18BC468928CC9D6A005A0651 /* HomeViewController.swift in Sources */ = {isa = PBXBuildFile; fileRef = 18BC468828CC9D6A005A0651 /* HomeViewController.swift */; };
		18BC468B28CC9DBA005A0651 /* UpcomingViewController.swift in Sources */ = {isa = PBXBuildFile; fileRef = 18BC468A28CC9DBA005A0651 /* UpcomingViewController.swift */; };
		18BC468D28CC9DFA005A0651 /* SearchViewController.swift in Sources */ = {isa = PBXBuildFile; fileRef = 18BC468C28CC9DFA005A0651 /* SearchViewController.swift */; };
		18BC468F28CC9E42005A0651 /* DownloadsViewController.swift in Sources */ = {isa = PBXBuildFile; fileRef = 18BC468E28CC9E42005A0651 /* DownloadsViewController.swift */; };
		18F58DB528CEA0B600FEA180 /* CollectionViewTableViewCell.swift in Sources */ = {isa = PBXBuildFile; fileRef = 18F58DB428CEA0B600FEA180 /* CollectionViewTableViewCell.swift */; };
		18F58DB728CFEC7900FEA180 /* HeroHeaderUIView.swift in Sources */ = {isa = PBXBuildFile; fileRef = 18F58DB628CFEC7900FEA180 /* HeroHeaderUIView.swift */; };
		18F58DB928D1FBF200FEA180 /* APICaller.swift in Sources */ = {isa = PBXBuildFile; fileRef = 18F58DB828D1FBF200FEA180 /* APICaller.swift */; };
		18F58DBB28D2055F00FEA180 /* Movie.swift in Sources */ = {isa = PBXBuildFile; fileRef = 18F58DBA28D2055F00FEA180 /* Movie.swift */; };
		18F58DBD28D2871F00FEA180 /* Extensions.swift in Sources */ = {isa = PBXBuildFile; fileRef = 18F58DBC28D2871F00FEA180 /* Extensions.swift */; };
		18F58DBF28D3568F00FEA180 /* Tv.swift in Sources */ = {isa = PBXBuildFile; fileRef = 18F58DBE28D3568F00FEA180 /* Tv.swift */; };
/* End PBXBuildFile section */

/* Begin PBXFileReference section */
		18BC467028CC9384005A0651 /* Netflix Clone.app */ = {isa = PBXFileReference; explicitFileType = wrapper.application; includeInIndex = 0; path = "Netflix Clone.app"; sourceTree = BUILT_PRODUCTS_DIR; };
		18BC467328CC9384005A0651 /* AppDelegate.swift */ = {isa = PBXFileReference; lastKnownFileType = sourcecode.swift; path = AppDelegate.swift; sourceTree = "<group>"; };
		18BC467528CC9384005A0651 /* SceneDelegate.swift */ = {isa = PBXFileReference; lastKnownFileType = sourcecode.swift; path = SceneDelegate.swift; sourceTree = "<group>"; };
		18BC467728CC9384005A0651 /* MainTabBarViewController.swift */ = {isa = PBXFileReference; lastKnownFileType = sourcecode.swift; path = MainTabBarViewController.swift; sourceTree = "<group>"; };
		18BC467C28CC9386005A0651 /* Assets.xcassets */ = {isa = PBXFileReference; lastKnownFileType = folder.assetcatalog; path = Assets.xcassets; sourceTree = "<group>"; };
		18BC467F28CC9386005A0651 /* Base */ = {isa = PBXFileReference; lastKnownFileType = file.storyboard; name = Base; path = Base.lproj/LaunchScreen.storyboard; sourceTree = "<group>"; };
		18BC468128CC9386005A0651 /* Info.plist */ = {isa = PBXFileReference; lastKnownFileType = text.plist.xml; path = Info.plist; sourceTree = "<group>"; };
		18BC468828CC9D6A005A0651 /* HomeViewController.swift */ = {isa = PBXFileReference; lastKnownFileType = sourcecode.swift; path = HomeViewController.swift; sourceTree = "<group>"; };
		18BC468A28CC9DBA005A0651 /* UpcomingViewController.swift */ = {isa = PBXFileReference; lastKnownFileType = sourcecode.swift; path = UpcomingViewController.swift; sourceTree = "<group>"; };
		18BC468C28CC9DFA005A0651 /* SearchViewController.swift */ = {isa = PBXFileReference; lastKnownFileType = sourcecode.swift; path = SearchViewController.swift; sourceTree = "<group>"; };
		18BC468E28CC9E42005A0651 /* DownloadsViewController.swift */ = {isa = PBXFileReference; lastKnownFileType = sourcecode.swift; path = DownloadsViewController.swift; sourceTree = "<group>"; };
		18F58DB428CEA0B600FEA180 /* CollectionViewTableViewCell.swift */ = {isa = PBXFileReference; lastKnownFileType = sourcecode.swift; path = CollectionViewTableViewCell.swift; sourceTree = "<group>"; };
		18F58DB628CFEC7900FEA180 /* HeroHeaderUIView.swift */ = {isa = PBXFileReference; lastKnownFileType = sourcecode.swift; path = HeroHeaderUIView.swift; sourceTree = "<group>"; };
		18F58DB828D1FBF200FEA180 /* APICaller.swift */ = {isa = PBXFileReference; lastKnownFileType = sourcecode.swift; path = APICaller.swift; sourceTree = "<group>"; };
		18F58DBA28D2055F00FEA180 /* Movie.swift */ = {isa = PBXFileReference; lastKnownFileType = sourcecode.swift; path = Movie.swift; sourceTree = "<group>"; };
		18F58DBC28D2871F00FEA180 /* Extensions.swift */ = {isa = PBXFileReference; lastKnownFileType = sourcecode.swift; path = Extensions.swift; sourceTree = "<group>"; };
		18F58DBE28D3568F00FEA180 /* Tv.swift */ = {isa = PBXFileReference; lastKnownFileType = sourcecode.swift; path = Tv.swift; sourceTree = "<group>"; };
/* End PBXFileReference section */

/* Begin PBXFrameworksBuildPhase section */
		18BC466D28CC9384005A0651 /* Frameworks */ = {
			isa = PBXFrameworksBuildPhase;
			buildActionMask = 2147483647;
			files = (
			);
			runOnlyForDeploymentPostprocessing = 0;
		};
/* End PBXFrameworksBuildPhase section */

/* Begin PBXGroup section */
		18BC466728CC9384005A0651 = {
			isa = PBXGroup;
			children = (
				18BC467228CC9384005A0651 /* Netflix Clone */,
				18BC467128CC9384005A0651 /* Products */,
			);
			sourceTree = "<group>";
		};
		18BC467128CC9384005A0651 /* Products */ = {
			isa = PBXGroup;
			children = (
				18BC467028CC9384005A0651 /* Netflix Clone.app */,
			);
			name = Products;
			sourceTree = "<group>";
		};
		18BC467228CC9384005A0651 /* Netflix Clone */ = {
			isa = PBXGroup;
			children = (
				18F58DB328CEA04100FEA180 /* Managers */,
				18F58DB228CEA03100FEA180 /* Resources */,
				18F58DB128CE9F7400FEA180 /* Models */,
				18F58DAF28CE9F5B00FEA180 /* Views */,
				18F58DB028CE9F6300FEA180 /* ViewModels */,
				18BC468728CC9D3E005A0651 /* Controllers */,
				18BC467328CC9384005A0651 /* AppDelegate.swift */,
				18BC467528CC9384005A0651 /* SceneDelegate.swift */,
				18BC467728CC9384005A0651 /* MainTabBarViewController.swift */,
				18BC467C28CC9386005A0651 /* Assets.xcassets */,
				18BC467E28CC9386005A0651 /* LaunchScreen.storyboard */,
				18BC468128CC9386005A0651 /* Info.plist */,
			);
			path = "Netflix Clone";
			sourceTree = "<group>";
		};
		18BC468728CC9D3E005A0651 /* Controllers */ = {
			isa = PBXGroup;
			children = (
				18BC468828CC9D6A005A0651 /* HomeViewController.swift */,
				18BC468A28CC9DBA005A0651 /* UpcomingViewController.swift */,
				18BC468C28CC9DFA005A0651 /* SearchViewController.swift */,
				18BC468E28CC9E42005A0651 /* DownloadsViewController.swift */,
			);
			path = Controllers;
			sourceTree = "<group>";
		};
		18F58DAF28CE9F5B00FEA180 /* Views */ = {
			isa = PBXGroup;
			children = (
				18F58DB428CEA0B600FEA180 /* CollectionViewTableViewCell.swift */,
				18F58DB628CFEC7900FEA180 /* HeroHeaderUIView.swift */,
			);
			path = Views;
			sourceTree = "<group>";
		};
		18F58DB028CE9F6300FEA180 /* ViewModels */ = {
			isa = PBXGroup;
			children = (
			);
			path = ViewModels;
			sourceTree = "<group>";
		};
		18F58DB128CE9F7400FEA180 /* Models */ = {
			isa = PBXGroup;
			children = (
				18F58DBA28D2055F00FEA180 /* Movie.swift */,
				18F58DBE28D3568F00FEA180 /* Tv.swift */,
			);
			path = Models;
			sourceTree = "<group>";
		};
		18F58DB228CEA03100FEA180 /* Resources */ = {
			isa = PBXGroup;
			children = (
				18F58DBC28D2871F00FEA180 /* Extensions.swift */,
			);
			path = Resources;
			sourceTree = "<group>";
		};
		18F58DB328CEA04100FEA180 /* Managers */ = {
			isa = PBXGroup;
			children = (
				18F58DB828D1FBF200FEA180 /* APICaller.swift */,
			);
			path = Managers;
			sourceTree = "<group>";
		};
/* End PBXGroup section */

/* Begin PBXNativeTarget section */
		18BC466F28CC9384005A0651 /* Netflix Clone */ = {
			isa = PBXNativeTarget;
			buildConfigurationList = 18BC468428CC9386005A0651 /* Build configuration list for PBXNativeTarget "Netflix Clone" */;
			buildPhases = (
				18BC466C28CC9384005A0651 /* Sources */,
				18BC466D28CC9384005A0651 /* Frameworks */,
				18BC466E28CC9384005A0651 /* Resources */,
			);
			buildRules = (
			);
			dependencies = (
			);
			name = "Netflix Clone";
			productName = "Netflix Clone";
			productReference = 18BC467028CC9384005A0651 /* Netflix Clone.app */;
			productType = "com.apple.product-type.application";
		};
/* End PBXNativeTarget section */

/* Begin PBXProject section */
		18BC466828CC9384005A0651 /* Project object */ = {
			isa = PBXProject;
			attributes = {
				BuildIndependentTargetsInParallel = 1;
				LastSwiftUpdateCheck = 1340;
				LastUpgradeCheck = 1340;
				TargetAttributes = {
					18BC466F28CC9384005A0651 = {
						CreatedOnToolsVersion = 13.4.1;
					};
				};
			};
			buildConfigurationList = 18BC466B28CC9384005A0651 /* Build configuration list for PBXProject "Netflix Clone" */;
			compatibilityVersion = "Xcode 13.0";
			developmentRegion = en;
			hasScannedForEncodings = 0;
			knownRegions = (
				en,
				Base,
			);
			mainGroup = 18BC466728CC9384005A0651;
			productRefGroup = 18BC467128CC9384005A0651 /* Products */;
			projectDirPath = "";
			projectRoot = "";
			targets = (
				18BC466F28CC9384005A0651 /* Netflix Clone */,
			);
		};
/* End PBXProject section */

/* Begin PBXResourcesBuildPhase section */
		18BC466E28CC9384005A0651 /* Resources */ = {
			isa = PBXResourcesBuildPhase;
			buildActionMask = 2147483647;
			files = (
				18BC468028CC9386005A0651 /* LaunchScreen.storyboard in Resources */,
				18BC467D28CC9386005A0651 /* Assets.xcassets in Resources */,
			);
			runOnlyForDeploymentPostprocessing = 0;
		};
/* End PBXResourcesBuildPhase section */

/* Begin PBXSourcesBuildPhase section */
		18BC466C28CC9384005A0651 /* Sources */ = {
			isa = PBXSourcesBuildPhase;
			buildActionMask = 2147483647;
			files = (
				18BC468D28CC9DFA005A0651 /* SearchViewController.swift in Sources */,
				18BC467828CC9384005A0651 /* MainTabBarViewController.swift in Sources */,
				18F58DB528CEA0B600FEA180 /* CollectionViewTableViewCell.swift in Sources */,
				18F58DB928D1FBF200FEA180 /* APICaller.swift in Sources */,
				18F58DB728CFEC7900FEA180 /* HeroHeaderUIView.swift in Sources */,
				18BC468F28CC9E42005A0651 /* DownloadsViewController.swift in Sources */,
				18BC467428CC9384005A0651 /* AppDelegate.swift in Sources */,
				18F58DBD28D2871F00FEA180 /* Extensions.swift in Sources */,
				18BC467628CC9384005A0651 /* SceneDelegate.swift in Sources */,
				18BC468B28CC9DBA005A0651 /* UpcomingViewController.swift in Sources */,
				18F58DBB28D2055F00FEA180 /* Movie.swift in Sources */,
				18F58DBF28D3568F00FEA180 /* Tv.swift in Sources */,
				18BC468928CC9D6A005A0651 /* HomeViewController.swift in Sources */,
			);
			runOnlyForDeploymentPostprocessing = 0;
		};
/* End PBXSourcesBuildPhase section */

/* Begin PBXVariantGroup section */
		18BC467E28CC9386005A0651 /* LaunchScreen.storyboard */ = {
			isa = PBXVariantGroup;
			children = (
				18BC467F28CC9386005A0651 /* Base */,
			);
			name = LaunchScreen.storyboard;
			sourceTree = "<group>";
		};
/* End PBXVariantGroup section */

/* Begin XCBuildConfiguration section */
		18BC468228CC9386005A0651 /* Debug */ = {
			isa = XCBuildConfiguration;
			buildSettings = {
				ALWAYS_SEARCH_USER_PATHS = NO;
				CLANG_ANALYZER_NONNULL = YES;
				CLANG_ANALYZER_NUMBER_OBJECT_CONVERSION = YES_AGGRESSIVE;
				CLANG_CXX_LANGUAGE_STANDARD = "gnu++17";
				CLANG_ENABLE_MODULES = YES;
				CLANG_ENABLE_OBJC_ARC = YES;
				CLANG_ENABLE_OBJC_WEAK = YES;
				CLANG_WARN_BLOCK_CAPTURE_AUTORELEASING = YES;
				CLANG_WARN_BOOL_CONVERSION = YES;
				CLANG_WARN_COMMA = YES;
				CLANG_WARN_CONSTANT_CONVERSION = YES;
				CLANG_WARN_DEPRECATED_OBJC_IMPLEMENTATIONS = YES;
				CLANG_WARN_DIRECT_OBJC_ISA_USAGE = YES_ERROR;
				CLANG_WARN_DOCUMENTATION_COMMENTS = YES;
				CLANG_WARN_EMPTY_BODY = YES;
				CLANG_WARN_ENUM_CONVERSION = YES;
				CLANG_WARN_INFINITE_RECURSION = YES;
				CLANG_WARN_INT_CONVERSION = YES;
				CLANG_WARN_NON_LITERAL_NULL_CONVERSION = YES;
				CLANG_WARN_OBJC_IMPLICIT_RETAIN_SELF = YES;
				CLANG_WARN_OBJC_LITERAL_CONVERSION = YES;
				CLANG_WARN_OBJC_ROOT_CLASS = YES_ERROR;
				CLANG_WARN_QUOTED_INCLUDE_IN_FRAMEWORK_HEADER = YES;
				CLANG_WARN_RANGE_LOOP_ANALYSIS = YES;
				CLANG_WARN_STRICT_PROTOTYPES = YES;
				CLANG_WARN_SUSPICIOUS_MOVE = YES;
				CLANG_WARN_UNGUARDED_AVAILABILITY = YES_AGGRESSIVE;
				CLANG_WARN_UNREACHABLE_CODE = YES;
				CLANG_WARN__DUPLICATE_METHOD_MATCH = YES;
				COPY_PHASE_STRIP = NO;
				DEBUG_INFORMATION_FORMAT = dwarf;
				ENABLE_STRICT_OBJC_MSGSEND = YES;
				ENABLE_TESTABILITY = YES;
				GCC_C_LANGUAGE_STANDARD = gnu11;
				GCC_DYNAMIC_NO_PIC = NO;
				GCC_NO_COMMON_BLOCKS = YES;
				GCC_OPTIMIZATION_LEVEL = 0;
				GCC_PREPROCESSOR_DEFINITIONS = (
					"DEBUG=1",
					"$(inherited)",
				);
				GCC_WARN_64_TO_32_BIT_CONVERSION = YES;
				GCC_WARN_ABOUT_RETURN_TYPE = YES_ERROR;
				GCC_WARN_UNDECLARED_SELECTOR = YES;
				GCC_WARN_UNINITIALIZED_AUTOS = YES_AGGRESSIVE;
				GCC_WARN_UNUSED_FUNCTION = YES;
				GCC_WARN_UNUSED_VARIABLE = YES;
				IPHONEOS_DEPLOYMENT_TARGET = 15.5;
				MTL_ENABLE_DEBUG_INFO = INCLUDE_SOURCE;
				MTL_FAST_MATH = YES;
				ONLY_ACTIVE_ARCH = YES;
				SDKROOT = iphoneos;
				SWIFT_ACTIVE_COMPILATION_CONDITIONS = DEBUG;
				SWIFT_OPTIMIZATION_LEVEL = "-Onone";
			};
			name = Debug;
		};
		18BC468328CC9386005A0651 /* Release */ = {
			isa = XCBuildConfiguration;
			buildSettings = {
				ALWAYS_SEARCH_USER_PATHS = NO;
				CLANG_ANALYZER_NONNULL = YES;
				CLANG_ANALYZER_NUMBER_OBJECT_CONVERSION = YES_AGGRESSIVE;
				CLANG_CXX_LANGUAGE_STANDARD = "gnu++17";
				CLANG_ENABLE_MODULES = YES;
				CLANG_ENABLE_OBJC_ARC = YES;
				CLANG_ENABLE_OBJC_WEAK = YES;
				CLANG_WARN_BLOCK_CAPTURE_AUTORELEASING = YES;
				CLANG_WARN_BOOL_CONVERSION = YES;
				CLANG_WARN_COMMA = YES;
				CLANG_WARN_CONSTANT_CONVERSION = YES;
				CLANG_WARN_DEPRECATED_OBJC_IMPLEMENTATIONS = YES;
				CLANG_WARN_DIRECT_OBJC_ISA_USAGE = YES_ERROR;
				CLANG_WARN_DOCUMENTATION_COMMENTS = YES;
				CLANG_WARN_EMPTY_BODY = YES;
				CLANG_WARN_ENUM_CONVERSION = YES;
				CLANG_WARN_INFINITE_RECURSION = YES;
				CLANG_WARN_INT_CONVERSION = YES;
				CLANG_WARN_NON_LITERAL_NULL_CONVERSION = YES;
				CLANG_WARN_OBJC_IMPLICIT_RETAIN_SELF = YES;
				CLANG_WARN_OBJC_LITERAL_CONVERSION = YES;
				CLANG_WARN_OBJC_ROOT_CLASS = YES_ERROR;
				CLANG_WARN_QUOTED_INCLUDE_IN_FRAMEWORK_HEADER = YES;
				CLANG_WARN_RANGE_LOOP_ANALYSIS = YES;
				CLANG_WARN_STRICT_PROTOTYPES = YES;
				CLANG_WARN_SUSPICIOUS_MOVE = YES;
				CLANG_WARN_UNGUARDED_AVAILABILITY = YES_AGGRESSIVE;
				CLANG_WARN_UNREACHABLE_CODE = YES;
				CLANG_WARN__DUPLICATE_METHOD_MATCH = YES;
				COPY_PHASE_STRIP = NO;
				DEBUG_INFORMATION_FORMAT = "dwarf-with-dsym";
				ENABLE_NS_ASSERTIONS = NO;
				ENABLE_STRICT_OBJC_MSGSEND = YES;
				GCC_C_LANGUAGE_STANDARD = gnu11;
				GCC_NO_COMMON_BLOCKS = YES;
				GCC_WARN_64_TO_32_BIT_CONVERSION = YES;
				GCC_WARN_ABOUT_RETURN_TYPE = YES_ERROR;
				GCC_WARN_UNDECLARED_SELECTOR = YES;
				GCC_WARN_UNINITIALIZED_AUTOS = YES_AGGRESSIVE;
				GCC_WARN_UNUSED_FUNCTION = YES;
				GCC_WARN_UNUSED_VARIABLE = YES;
				IPHONEOS_DEPLOYMENT_TARGET = 15.5;
				MTL_ENABLE_DEBUG_INFO = NO;
				MTL_FAST_MATH = YES;
				SDKROOT = iphoneos;
				SWIFT_COMPILATION_MODE = wholemodule;
				SWIFT_OPTIMIZATION_LEVEL = "-O";
				VALIDATE_PRODUCT = YES;
			};
			name = Release;
		};
		18BC468528CC9386005A0651 /* Debug */ = {
			isa = XCBuildConfiguration;
			buildSettings = {
				ASSETCATALOG_COMPILER_APPICON_NAME = AppIcon;
				ASSETCATALOG_COMPILER_GLOBAL_ACCENT_COLOR_NAME = AccentColor;
				CODE_SIGN_STYLE = Automatic;
				CURRENT_PROJECT_VERSION = 1;
				DEVELOPMENT_TEAM = XH7PKF9Q8S;
				GENERATE_INFOPLIST_FILE = YES;
				INFOPLIST_FILE = "Netflix Clone/Info.plist";
				INFOPLIST_KEY_UIApplicationSupportsIndirectInputEvents = YES;
				INFOPLIST_KEY_UILaunchStoryboardName = LaunchScreen;
				INFOPLIST_KEY_UISupportedInterfaceOrientations_iPad = "UIInterfaceOrientationPortrait UIInterfaceOrientationPortraitUpsideDown UIInterfaceOrientationLandscapeLeft UIInterfaceOrientationLandscapeRight";
				INFOPLIST_KEY_UISupportedInterfaceOrientations_iPhone = "UIInterfaceOrientationPortrait UIInterfaceOrientationLandscapeLeft UIInterfaceOrientationLandscapeRight";
				LD_RUNPATH_SEARCH_PATHS = (
					"$(inherited)",
					"@executable_path/Frameworks",
				);
				MARKETING_VERSION = 1.0;
				PRODUCT_BUNDLE_IDENTIFIER = "com.gaisie.Netflix-Clone";
				PRODUCT_NAME = "$(TARGET_NAME)";
				SWIFT_EMIT_LOC_STRINGS = YES;
				SWIFT_VERSION = 5.0;
				TARGETED_DEVICE_FAMILY = "1,2";
			};
			name = Debug;
		};
		18BC468628CC9386005A0651 /* Release */ = {
			isa = XCBuildConfiguration;
			buildSettings = {
				ASSETCATALOG_COMPILER_APPICON_NAME = AppIcon;
				ASSETCATALOG_COMPILER_GLOBAL_ACCENT_COLOR_NAME = AccentColor;
				CODE_SIGN_STYLE = Automatic;
				CURRENT_PROJECT_VERSION = 1;
				DEVELOPMENT_TEAM = XH7PKF9Q8S;
				GENERATE_INFOPLIST_FILE = YES;
				INFOPLIST_FILE = "Netflix Clone/Info.plist";
				INFOPLIST_KEY_UIApplicationSupportsIndirectInputEvents = YES;
				INFOPLIST_KEY_UILaunchStoryboardName = LaunchScreen;
				INFOPLIST_KEY_UISupportedInterfaceOrientations_iPad = "UIInterfaceOrientationPortrait UIInterfaceOrientationPortraitUpsideDown UIInterfaceOrientationLandscapeLeft UIInterfaceOrientationLandscapeRight";
				INFOPLIST_KEY_UISupportedInterfaceOrientations_iPhone = "UIInterfaceOrientationPortrait UIInterfaceOrientationLandscapeLeft UIInterfaceOrientationLandscapeRight";
				LD_RUNPATH_SEARCH_PATHS = (
					"$(inherited)",
					"@executable_path/Frameworks",
				);
				MARKETING_VERSION = 1.0;
				PRODUCT_BUNDLE_IDENTIFIER = "com.gaisie.Netflix-Clone";
				PRODUCT_NAME = "$(TARGET_NAME)";
				SWIFT_EMIT_LOC_STRINGS = YES;
				SWIFT_VERSION = 5.0;
				TARGETED_DEVICE_FAMILY = "1,2";
			};
			name = Release;
		};
/* End XCBuildConfiguration section */

/* Begin XCConfigurationList section */
		18BC466B28CC9384005A0651 /* Build configuration list for PBXProject "Netflix Clone" */ = {
			isa = XCConfigurationList;
			buildConfigurations = (
				18BC468228CC9386005A0651 /* Debug */,
				18BC468328CC9386005A0651 /* Release */,
			);
			defaultConfigurationIsVisible = 0;
			defaultConfigurationName = Release;
		};
		18BC468428CC9386005A0651 /* Build configuration list for PBXNativeTarget "Netflix Clone" */ = {
			isa = XCConfigurationList;
			buildConfigurations = (
				18BC468528CC9386005A0651 /* Debug */,
				18BC468628CC9386005A0651 /* Release */,
			);
			defaultConfigurationIsVisible = 0;
			defaultConfigurationName = Release;
		};
/* End XCConfigurationList section */
	};
	rootObject = 18BC466828CC9384005A0651 /* Project object */;
}
